// !$*UTF8*$!
{
	archiveVersion = 1;
	classes = {
	};
	objectVersion = 46;
	objects = {

/* Begin PBXBuildFile section */
		023E61D31964F98B001E5BCA /* bird_15@2x.png in Resources */ = {isa = PBXBuildFile; fileRef = 023E61C31964F98B001E5BCA /* bird_15@2x.png */; };
		023E61D41964F98B001E5BCA /* bird_14@2x.png in Resources */ = {isa = PBXBuildFile; fileRef = 023E61C41964F98B001E5BCA /* bird_14@2x.png */; };
		023E61D51964F98B001E5BCA /* bird_13@2x.png in Resources */ = {isa = PBXBuildFile; fileRef = 023E61C51964F98B001E5BCA /* bird_13@2x.png */; };
		023E61D61964F98B001E5BCA /* bird_12@2x.png in Resources */ = {isa = PBXBuildFile; fileRef = 023E61C61964F98B001E5BCA /* bird_12@2x.png */; };
		023E61D71964F98B001E5BCA /* bird_11@2x.png in Resources */ = {isa = PBXBuildFile; fileRef = 023E61C71964F98B001E5BCA /* bird_11@2x.png */; };
		023E61D81964F98B001E5BCA /* bird_10@2x.png in Resources */ = {isa = PBXBuildFile; fileRef = 023E61C81964F98B001E5BCA /* bird_10@2x.png */; };
		023E61D91964F98B001E5BCA /* bird_9@2x.png in Resources */ = {isa = PBXBuildFile; fileRef = 023E61C91964F98B001E5BCA /* bird_9@2x.png */; };
		023E61DA1964F98B001E5BCA /* bird_8@2x.png in Resources */ = {isa = PBXBuildFile; fileRef = 023E61CA1964F98B001E5BCA /* bird_8@2x.png */; };
		023E61DB1964F98B001E5BCA /* bird_7@2x.png in Resources */ = {isa = PBXBuildFile; fileRef = 023E61CB1964F98B001E5BCA /* bird_7@2x.png */; };
		023E61DC1964F98B001E5BCA /* bird_6@2x.png in Resources */ = {isa = PBXBuildFile; fileRef = 023E61CC1964F98B001E5BCA /* bird_6@2x.png */; };
		023E61DD1964F98B001E5BCA /* bird_5@2x.png in Resources */ = {isa = PBXBuildFile; fileRef = 023E61CD1964F98B001E5BCA /* bird_5@2x.png */; };
		023E61DE1964F98B001E5BCA /* bird_4@2x.png in Resources */ = {isa = PBXBuildFile; fileRef = 023E61CE1964F98B001E5BCA /* bird_4@2x.png */; };
		023E61DF1964F98B001E5BCA /* bird_3@2x.png in Resources */ = {isa = PBXBuildFile; fileRef = 023E61CF1964F98B001E5BCA /* bird_3@2x.png */; };
		023E61E01964F98B001E5BCA /* bird_2@2x.png in Resources */ = {isa = PBXBuildFile; fileRef = 023E61D01964F98B001E5BCA /* bird_2@2x.png */; };
		023E61E11964F98B001E5BCA /* bird_1@2x.png in Resources */ = {isa = PBXBuildFile; fileRef = 023E61D11964F98B001E5BCA /* bird_1@2x.png */; };
		023E61E21964F98B001E5BCA /* bird_0@2x.png in Resources */ = {isa = PBXBuildFile; fileRef = 023E61D21964F98B001E5BCA /* bird_0@2x.png */; };
		027FEA981963BF05005DBE8E /* AnimatedPathView1.mm in Sources */ = {isa = PBXBuildFile; fileRef = 027FEA951963BF05005DBE8E /* AnimatedPathView1.mm */; };
		027FEA991963BF05005DBE8E /* BoardView.mm in Sources */ = {isa = PBXBuildFile; fileRef = 027FEA971963BF05005DBE8E /* BoardView.mm */; };
		0295F2011CCDF4830090C272 /* libTouchVG.a in Frameworks */ = {isa = PBXBuildFile; fileRef = 0295F1FD1CCDF4830090C272 /* libTouchVG.a */; };
		0295F2021CCDF4830090C272 /* libTouchVGCore.a in Frameworks */ = {isa = PBXBuildFile; fileRef = 0295F1FE1CCDF4830090C272 /* libTouchVGCore.a */; };
		0295F2041CCDF4830090C272 /* libTouchVGPlay.a in Frameworks */ = {isa = PBXBuildFile; fileRef = 0295F2001CCDF4830090C272 /* libTouchVGPlay.a */; };
		02A4F36F196645B20054046E /* AnimatedLines.mm in Sources */ = {isa = PBXBuildFile; fileRef = 02A4F36E196645B20054046E /* AnimatedLines.mm */; };
		02FE60C51969231200011325 /* AnimatedBezier.mm in Sources */ = {isa = PBXBuildFile; fileRef = 02FE60C41969231200011325 /* AnimatedBezier.mm */; };
		AE03795E181FB31E0049931F /* pencil.png in Resources */ = {isa = PBXBuildFile; fileRef = AE03795D181FB31E0049931F /* pencil.png */; };
		AE252D30181FCB0700884B5C /* pencil@2x.png in Resources */ = {isa = PBXBuildFile; fileRef = AE252D2F181FCB0700884B5C /* pencil@2x.png */; };
		AE3341B516ECBDBE00F0E517 /* CalloutView.m in Sources */ = {isa = PBXBuildFile; fileRef = AE3341B416ECBDBE00F0E517 /* CalloutView.m */; };
		AE3726EE18C9C53200B756C1 /* GiGraphView2.mm in Sources */ = {isa = PBXBuildFile; fileRef = AE3726ED18C9C53200B756C1 /* GiGraphView2.mm */; };
		AE4671561929DE310093D89F /* TouchVG.bundle in Resources */ = {isa = PBXBuildFile; fileRef = AE4671551929DE310093D89F /* TouchVG.bundle */; };
		AE4E6F0616129337006CAA5C /* ViewFactory.mm in Sources */ = {isa = PBXBuildFile; fileRef = AE4E6F0416129337006CAA5C /* ViewFactory.mm */; };
		AE815F351718EDCB006BC607 /* QuartzCore.framework in Frameworks */ = {isa = PBXBuildFile; fileRef = AE815F341718EDCB006BC607 /* QuartzCore.framework */; };
		AEF2D52B160964BA00DDB7F2 /* UIKit.framework in Frameworks */ = {isa = PBXBuildFile; fileRef = AEF2D52A160964BA00DDB7F2 /* UIKit.framework */; };
		AEF2D52D160964BA00DDB7F2 /* Foundation.framework in Frameworks */ = {isa = PBXBuildFile; fileRef = AEF2D52C160964BA00DDB7F2 /* Foundation.framework */; };
		AEF2D52F160964BA00DDB7F2 /* CoreGraphics.framework in Frameworks */ = {isa = PBXBuildFile; fileRef = AEF2D52E160964BA00DDB7F2 /* CoreGraphics.framework */; };
		AEF2D53B160964BA00DDB7F2 /* AppDelegate.m in Sources */ = {isa = PBXBuildFile; fileRef = AEF2D53A160964BA00DDB7F2 /* AppDelegate.m */; };
		AEF2D53E160964BA00DDB7F2 /* MasterViewController.mm in Sources */ = {isa = PBXBuildFile; fileRef = AEF2D53D160964BA00DDB7F2 /* MasterViewController.mm */; };
		AEF2D541160964BA00DDB7F2 /* DetailViewController.mm in Sources */ = {isa = PBXBuildFile; fileRef = AEF2D540160964BA00DDB7F2 /* DetailViewController.mm */; };
		AEF2D56F1609B67200DDB7F2 /* app57.png in Resources */ = {isa = PBXBuildFile; fileRef = AEF2D56D1609B67200DDB7F2 /* app57.png */; };
		AEF2D5701609B67200DDB7F2 /* app72.png in Resources */ = {isa = PBXBuildFile; fileRef = AEF2D56E1609B67200DDB7F2 /* app72.png */; };
		AEF2D5B01609BF7D00DDB7F2 /* main.m in Sources */ = {isa = PBXBuildFile; fileRef = AEF2D5AD1609BF7D00DDB7F2 /* main.m */; };
/* End PBXBuildFile section */

/* Begin PBXFileReference section */
		023E61C31964F98B001E5BCA /* bird_15@2x.png */ = {isa = PBXFileReference; lastKnownFileType = image.png; path = "bird_15@2x.png"; sourceTree = "<group>"; };
		023E61C41964F98B001E5BCA /* bird_14@2x.png */ = {isa = PBXFileReference; lastKnownFileType = image.png; path = "bird_14@2x.png"; sourceTree = "<group>"; };
		023E61C51964F98B001E5BCA /* bird_13@2x.png */ = {isa = PBXFileReference; lastKnownFileType = image.png; path = "bird_13@2x.png"; sourceTree = "<group>"; };
		023E61C61964F98B001E5BCA /* bird_12@2x.png */ = {isa = PBXFileReference; lastKnownFileType = image.png; path = "bird_12@2x.png"; sourceTree = "<group>"; };
		023E61C71964F98B001E5BCA /* bird_11@2x.png */ = {isa = PBXFileReference; lastKnownFileType = image.png; path = "bird_11@2x.png"; sourceTree = "<group>"; };
		023E61C81964F98B001E5BCA /* bird_10@2x.png */ = {isa = PBXFileReference; lastKnownFileType = image.png; path = "bird_10@2x.png"; sourceTree = "<group>"; };
		023E61C91964F98B001E5BCA /* bird_9@2x.png */ = {isa = PBXFileReference; lastKnownFileType = image.png; path = "bird_9@2x.png"; sourceTree = "<group>"; };
		023E61CA1964F98B001E5BCA /* bird_8@2x.png */ = {isa = PBXFileReference; lastKnownFileType = image.png; path = "bird_8@2x.png"; sourceTree = "<group>"; };
		023E61CB1964F98B001E5BCA /* bird_7@2x.png */ = {isa = PBXFileReference; lastKnownFileType = image.png; path = "bird_7@2x.png"; sourceTree = "<group>"; };
		023E61CC1964F98B001E5BCA /* bird_6@2x.png */ = {isa = PBXFileReference; lastKnownFileType = image.png; path = "bird_6@2x.png"; sourceTree = "<group>"; };
		023E61CD1964F98B001E5BCA /* bird_5@2x.png */ = {isa = PBXFileReference; lastKnownFileType = image.png; path = "bird_5@2x.png"; sourceTree = "<group>"; };
		023E61CE1964F98B001E5BCA /* bird_4@2x.png */ = {isa = PBXFileReference; lastKnownFileType = image.png; path = "bird_4@2x.png"; sourceTree = "<group>"; };
		023E61CF1964F98B001E5BCA /* bird_3@2x.png */ = {isa = PBXFileReference; lastKnownFileType = image.png; path = "bird_3@2x.png"; sourceTree = "<group>"; };
		023E61D01964F98B001E5BCA /* bird_2@2x.png */ = {isa = PBXFileReference; lastKnownFileType = image.png; path = "bird_2@2x.png"; sourceTree = "<group>"; };
		023E61D11964F98B001E5BCA /* bird_1@2x.png */ = {isa = PBXFileReference; lastKnownFileType = image.png; path = "bird_1@2x.png"; sourceTree = "<group>"; };
		023E61D21964F98B001E5BCA /* bird_0@2x.png */ = {isa = PBXFileReference; lastKnownFileType = image.png; path = "bird_0@2x.png"; sourceTree = "<group>"; };
		027FEA941963BF05005DBE8E /* AnimatedPathView1.h */ = {isa = PBXFileReference; fileEncoding = 4; lastKnownFileType = sourcecode.c.h; path = AnimatedPathView1.h; sourceTree = "<group>"; };
		027FEA951963BF05005DBE8E /* AnimatedPathView1.mm */ = {isa = PBXFileReference; fileEncoding = 4; lastKnownFileType = sourcecode.cpp.objcpp; path = AnimatedPathView1.mm; sourceTree = "<group>"; };
		027FEA961963BF05005DBE8E /* BoardView.h */ = {isa = PBXFileReference; fileEncoding = 4; lastKnownFileType = sourcecode.c.h; path = BoardView.h; sourceTree = "<group>"; };
		027FEA971963BF05005DBE8E /* BoardView.mm */ = {isa = PBXFileReference; fileEncoding = 4; lastKnownFileType = sourcecode.cpp.objcpp; path = BoardView.mm; sourceTree = "<group>"; };
		0295F1FD1CCDF4830090C272 /* libTouchVG.a */ = {isa = PBXFileReference; lastKnownFileType = archive.ar; path = libTouchVG.a; sourceTree = "<group>"; };
		0295F1FE1CCDF4830090C272 /* libTouchVGCore.a */ = {isa = PBXFileReference; lastKnownFileType = archive.ar; path = libTouchVGCore.a; sourceTree = "<group>"; };
		0295F2001CCDF4830090C272 /* libTouchVGPlay.a */ = {isa = PBXFileReference; lastKnownFileType = archive.ar; path = libTouchVGPlay.a; sourceTree = "<group>"; };
		02A4F36E196645B20054046E /* AnimatedLines.mm */ = {isa = PBXFileReference; fileEncoding = 4; lastKnownFileType = sourcecode.cpp.objcpp; path = AnimatedLines.mm; sourceTree = "<group>"; };
		02FE60C41969231200011325 /* AnimatedBezier.mm */ = {isa = PBXFileReference; fileEncoding = 4; lastKnownFileType = sourcecode.cpp.objcpp; path = AnimatedBezier.mm; sourceTree = "<group>"; };
		AE03795D181FB31E0049931F /* pencil.png */ = {isa = PBXFileReference; lastKnownFileType = image.png; path = pencil.png; sourceTree = "<group>"; };
		AE252D2F181FCB0700884B5C /* pencil@2x.png */ = {isa = PBXFileReference; lastKnownFileType = image.png; path = "pencil@2x.png"; sourceTree = "<group>"; };
		AE2F18EC18429B8D000981AD /* TestView.h */ = {isa = PBXFileReference; lastKnownFileType = sourcecode.c.h; path = TestView.h; sourceTree = "<group>"; };
		AE3341B316ECBDBE00F0E517 /* CalloutView.h */ = {isa = PBXFileReference; fileEncoding = 4; lastKnownFileType = sourcecode.c.h; path = CalloutView.h; sourceTree = "<group>"; };
		AE3341B416ECBDBE00F0E517 /* CalloutView.m */ = {isa = PBXFileReference; fileEncoding = 4; lastKnownFileType = sourcecode.c.objc; path = CalloutView.m; sourceTree = "<group>"; };
		AE3726ED18C9C53200B756C1 /* GiGraphView2.mm */ = {isa = PBXFileReference; fileEncoding = 4; lastKnownFileType = sourcecode.cpp.objcpp; path = GiGraphView2.mm; sourceTree = "<group>"; };
		AE4671551929DE310093D89F /* TouchVG.bundle */ = {isa = PBXFileReference; lastKnownFileType = "wrapper.plug-in"; name = TouchVG.bundle; path = ../../vgios/TouchVG.bundle; sourceTree = "<group>"; };
		AE4E6F0416129337006CAA5C /* ViewFactory.mm */ = {isa = PBXFileReference; fileEncoding = 4; lastKnownFileType = sourcecode.cpp.objcpp; path = ViewFactory.mm; sourceTree = "<group>"; };
		AE53750C177D26980050CC4F /* GiGraphView2.h */ = {isa = PBXFileReference; fileEncoding = 4; lastKnownFileType = sourcecode.c.h; path = GiGraphView2.h; sourceTree = "<group>"; };
		AE815F341718EDCB006BC607 /* QuartzCore.framework */ = {isa = PBXFileReference; lastKnownFileType = wrapper.framework; name = QuartzCore.framework; path = System/Library/Frameworks/QuartzCore.framework; sourceTree = SDKROOT; };
		AEF2D526160964BA00DDB7F2 /* TestVGPlay.app */ = {isa = PBXFileReference; explicitFileType = wrapper.application; includeInIndex = 0; path = TestVGPlay.app; sourceTree = BUILT_PRODUCTS_DIR; };
		AEF2D52A160964BA00DDB7F2 /* UIKit.framework */ = {isa = PBXFileReference; lastKnownFileType = wrapper.framework; name = UIKit.framework; path = System/Library/Frameworks/UIKit.framework; sourceTree = SDKROOT; };
		AEF2D52C160964BA00DDB7F2 /* Foundation.framework */ = {isa = PBXFileReference; lastKnownFileType = wrapper.framework; name = Foundation.framework; path = System/Library/Frameworks/Foundation.framework; sourceTree = SDKROOT; };
		AEF2D52E160964BA00DDB7F2 /* CoreGraphics.framework */ = {isa = PBXFileReference; lastKnownFileType = wrapper.framework; name = CoreGraphics.framework; path = System/Library/Frameworks/CoreGraphics.framework; sourceTree = SDKROOT; };
		AEF2D539160964BA00DDB7F2 /* AppDelegate.h */ = {isa = PBXFileReference; lastKnownFileType = sourcecode.c.h; path = AppDelegate.h; sourceTree = "<group>"; };
		AEF2D53A160964BA00DDB7F2 /* AppDelegate.m */ = {isa = PBXFileReference; lastKnownFileType = sourcecode.c.objc; path = AppDelegate.m; sourceTree = "<group>"; };
		AEF2D53C160964BA00DDB7F2 /* MasterViewController.h */ = {isa = PBXFileReference; lastKnownFileType = sourcecode.c.h; path = MasterViewController.h; sourceTree = "<group>"; };
		AEF2D53D160964BA00DDB7F2 /* MasterViewController.mm */ = {isa = PBXFileReference; lastKnownFileType = sourcecode.cpp.objcpp; path = MasterViewController.mm; sourceTree = "<group>"; };
		AEF2D53F160964BA00DDB7F2 /* DetailViewController.h */ = {isa = PBXFileReference; lastKnownFileType = sourcecode.c.h; path = DetailViewController.h; sourceTree = "<group>"; };
		AEF2D540160964BA00DDB7F2 /* DetailViewController.mm */ = {isa = PBXFileReference; lastKnownFileType = sourcecode.cpp.objcpp; path = DetailViewController.mm; sourceTree = "<group>"; };
		AEF2D56D1609B67200DDB7F2 /* app57.png */ = {isa = PBXFileReference; lastKnownFileType = image.png; path = app57.png; sourceTree = "<group>"; };
		AEF2D56E1609B67200DDB7F2 /* app72.png */ = {isa = PBXFileReference; lastKnownFileType = image.png; path = app72.png; sourceTree = "<group>"; };
		AEF2D5AD1609BF7D00DDB7F2 /* main.m */ = {isa = PBXFileReference; fileEncoding = 4; lastKnownFileType = sourcecode.c.objc; path = main.m; sourceTree = "<group>"; };
		AEF2D5AE1609BF7D00DDB7F2 /* Prefix.pch */ = {isa = PBXFileReference; fileEncoding = 4; lastKnownFileType = sourcecode.c.h; path = Prefix.pch; sourceTree = "<group>"; };
		AEF2D5B81609C1A900DDB7F2 /* Info.plist */ = {isa = PBXFileReference; fileEncoding = 4; lastKnownFileType = text.plist.xml; path = Info.plist; sourceTree = "<group>"; };
/* End PBXFileReference section */

/* Begin PBXFrameworksBuildPhase section */
		AEF2D523160964BA00DDB7F2 /* Frameworks */ = {
			isa = PBXFrameworksBuildPhase;
			buildActionMask = 2147483647;
			files = (
				AEF2D52B160964BA00DDB7F2 /* UIKit.framework in Frameworks */,
				AE815F351718EDCB006BC607 /* QuartzCore.framework in Frameworks */,
				AEF2D52F160964BA00DDB7F2 /* CoreGraphics.framework in Frameworks */,
				0295F2041CCDF4830090C272 /* libTouchVGPlay.a in Frameworks */,
				0295F2021CCDF4830090C272 /* libTouchVGCore.a in Frameworks */,
				0295F2011CCDF4830090C272 /* libTouchVG.a in Frameworks */,
				AEF2D52D160964BA00DDB7F2 /* Foundation.framework in Frameworks */,
			);
			runOnlyForDeploymentPostprocessing = 0;
		};
/* End PBXFrameworksBuildPhase section */

/* Begin PBXGroup section */
		023E61A21964F547001E5BCA /* bird */ = {
			isa = PBXGroup;
			children = (
				023E61C31964F98B001E5BCA /* bird_15@2x.png */,
				023E61C41964F98B001E5BCA /* bird_14@2x.png */,
				023E61C51964F98B001E5BCA /* bird_13@2x.png */,
				023E61C61964F98B001E5BCA /* bird_12@2x.png */,
				023E61C71964F98B001E5BCA /* bird_11@2x.png */,
				023E61C81964F98B001E5BCA /* bird_10@2x.png */,
				023E61C91964F98B001E5BCA /* bird_9@2x.png */,
				023E61CA1964F98B001E5BCA /* bird_8@2x.png */,
				023E61CB1964F98B001E5BCA /* bird_7@2x.png */,
				023E61CC1964F98B001E5BCA /* bird_6@2x.png */,
				023E61CD1964F98B001E5BCA /* bird_5@2x.png */,
				023E61CE1964F98B001E5BCA /* bird_4@2x.png */,
				023E61CF1964F98B001E5BCA /* bird_3@2x.png */,
				023E61D01964F98B001E5BCA /* bird_2@2x.png */,
				023E61D11964F98B001E5BCA /* bird_1@2x.png */,
				023E61D21964F98B001E5BCA /* bird_0@2x.png */,
			);
			path = bird;
			sourceTree = "<group>";
		};
		0295F1F91CCDF4830090C272 /* output */ = {
			isa = PBXGroup;
			children = (
				0295F1FD1CCDF4830090C272 /* libTouchVG.a */,
				0295F1FE1CCDF4830090C272 /* libTouchVGCore.a */,
				0295F2001CCDF4830090C272 /* libTouchVGPlay.a */,
			);
			name = output;
			path = ../output;
			sourceTree = "<group>";
		};
		AE0762FD160AAE3A00518207 /* Test */ = {
			isa = PBXGroup;
			children = (
				0295F1F91CCDF4830090C272 /* output */,
				027FEA941963BF05005DBE8E /* AnimatedPathView1.h */,
				027FEA951963BF05005DBE8E /* AnimatedPathView1.mm */,
				027FEA961963BF05005DBE8E /* BoardView.h */,
				027FEA971963BF05005DBE8E /* BoardView.mm */,
				02A4F36E196645B20054046E /* AnimatedLines.mm */,
				02FE60C41969231200011325 /* AnimatedBezier.mm */,
				AE53750C177D26980050CC4F /* GiGraphView2.h */,
				AE3726ED18C9C53200B756C1 /* GiGraphView2.mm */,
				AE4E6F0416129337006CAA5C /* ViewFactory.mm */,
			);
			name = Test;
			sourceTree = "<group>";
		};
		AEF2D51B160964BA00DDB7F2 = {
			isa = PBXGroup;
			children = (
				AE0762FD160AAE3A00518207 /* Test */,
				AEF2D530160964BA00DDB7F2 /* Classes */,
				AEF2D56C1609B67200DDB7F2 /* Resources */,
				AEF2D529160964BA00DDB7F2 /* Frameworks */,
				AEF2D527160964BA00DDB7F2 /* Products */,
			);
			sourceTree = "<group>";
		};
		AEF2D527160964BA00DDB7F2 /* Products */ = {
			isa = PBXGroup;
			children = (
				AEF2D526160964BA00DDB7F2 /* TestVGPlay.app */,
			);
			name = Products;
			sourceTree = "<group>";
		};
		AEF2D529160964BA00DDB7F2 /* Frameworks */ = {
			isa = PBXGroup;
			children = (
				AE815F341718EDCB006BC607 /* QuartzCore.framework */,
				AEF2D52A160964BA00DDB7F2 /* UIKit.framework */,
				AEF2D52C160964BA00DDB7F2 /* Foundation.framework */,
				AEF2D52E160964BA00DDB7F2 /* CoreGraphics.framework */,
			);
			name = Frameworks;
			sourceTree = "<group>";
		};
		AEF2D530160964BA00DDB7F2 /* Classes */ = {
			isa = PBXGroup;
			children = (
				AE3341B316ECBDBE00F0E517 /* CalloutView.h */,
				AE3341B416ECBDBE00F0E517 /* CalloutView.m */,
				AEF2D539160964BA00DDB7F2 /* AppDelegate.h */,
				AEF2D53A160964BA00DDB7F2 /* AppDelegate.m */,
				AEF2D53C160964BA00DDB7F2 /* MasterViewController.h */,
				AEF2D53D160964BA00DDB7F2 /* MasterViewController.mm */,
				AEF2D53F160964BA00DDB7F2 /* DetailViewController.h */,
				AEF2D540160964BA00DDB7F2 /* DetailViewController.mm */,
				AE2F18EC18429B8D000981AD /* TestView.h */,
				AEF2D531160964BA00DDB7F2 /* Supporting Files */,
			);
			name = Classes;
			path = ../Classes;
			sourceTree = "<group>";
		};
		AEF2D531160964BA00DDB7F2 /* Supporting Files */ = {
			isa = PBXGroup;
			children = (
				AEF2D5B81609C1A900DDB7F2 /* Info.plist */,
				AEF2D5AD1609BF7D00DDB7F2 /* main.m */,
				AEF2D5AE1609BF7D00DDB7F2 /* Prefix.pch */,
			);
			name = "Supporting Files";
			sourceTree = "<group>";
		};
		AEF2D56C1609B67200DDB7F2 /* Resources */ = {
			isa = PBXGroup;
			children = (
				023E61A21964F547001E5BCA /* bird */,
				AE4671551929DE310093D89F /* TouchVG.bundle */,
				AE252D2F181FCB0700884B5C /* pencil@2x.png */,
				AE03795D181FB31E0049931F /* pencil.png */,
				AEF2D56D1609B67200DDB7F2 /* app57.png */,
				AEF2D56E1609B67200DDB7F2 /* app72.png */,
			);
			name = Resources;
			path = ../Resources;
			sourceTree = "<group>";
		};
/* End PBXGroup section */

/* Begin PBXNativeTarget section */
		AEF2D525160964BA00DDB7F2 /* TestView */ = {
			isa = PBXNativeTarget;
			buildConfigurationList = AEF2D550160964BA00DDB7F2 /* Build configuration list for PBXNativeTarget "TestView" */;
			buildPhases = (
				AEF2D522160964BA00DDB7F2 /* Sources */,
				AEF2D523160964BA00DDB7F2 /* Frameworks */,
				AEF2D524160964BA00DDB7F2 /* Resources */,
			);
			buildRules = (
			);
			dependencies = (
			);
			name = TestView;
			productName = TestView;
			productReference = AEF2D526160964BA00DDB7F2 /* TestVGPlay.app */;
			productType = "com.apple.product-type.application";
		};
/* End PBXNativeTarget section */

/* Begin PBXProject section */
		AEF2D51D160964BA00DDB7F2 /* Project object */ = {
			isa = PBXProject;
			attributes = {
				LastUpgradeCheck = 0500;
				ORGANIZATIONNAME = github.rhcad;
			};
			buildConfigurationList = AEF2D520160964BA00DDB7F2 /* Build configuration list for PBXProject "TestView" */;
			compatibilityVersion = "Xcode 3.2";
			developmentRegion = English;
			hasScannedForEncodings = 0;
			knownRegions = (
				en,
			);
			mainGroup = AEF2D51B160964BA00DDB7F2;
			productRefGroup = AEF2D527160964BA00DDB7F2 /* Products */;
			projectDirPath = "";
			projectRoot = "";
			targets = (
				AEF2D525160964BA00DDB7F2 /* TestView */,
			);
		};
/* End PBXProject section */

/* Begin PBXResourcesBuildPhase section */
		AEF2D524160964BA00DDB7F2 /* Resources */ = {
			isa = PBXResourcesBuildPhase;
			buildActionMask = 2147483647;
			files = (
				AE4671561929DE310093D89F /* TouchVG.bundle in Resources */,
				023E61D31964F98B001E5BCA /* bird_15@2x.png in Resources */,
				023E61E01964F98B001E5BCA /* bird_2@2x.png in Resources */,
				023E61D41964F98B001E5BCA /* bird_14@2x.png in Resources */,
				023E61DE1964F98B001E5BCA /* bird_4@2x.png in Resources */,
				023E61DA1964F98B001E5BCA /* bird_8@2x.png in Resources */,
				023E61DF1964F98B001E5BCA /* bird_3@2x.png in Resources */,
				023E61DC1964F98B001E5BCA /* bird_6@2x.png in Resources */,
				AEF2D56F1609B67200DDB7F2 /* app57.png in Resources */,
				AEF2D5701609B67200DDB7F2 /* app72.png in Resources */,
				023E61E21964F98B001E5BCA /* bird_0@2x.png in Resources */,
				AE03795E181FB31E0049931F /* pencil.png in Resources */,
				023E61E11964F98B001E5BCA /* bird_1@2x.png in Resources */,
				AE252D30181FCB0700884B5C /* pencil@2x.png in Resources */,
				023E61D71964F98B001E5BCA /* bird_11@2x.png in Resources */,
				023E61DB1964F98B001E5BCA /* bird_7@2x.png in Resources */,
				023E61D81964F98B001E5BCA /* bird_10@2x.png in Resources */,
				023E61D61964F98B001E5BCA /* bird_12@2x.png in Resources */,
				023E61D51964F98B001E5BCA /* bird_13@2x.png in Resources */,
				023E61D91964F98B001E5BCA /* bird_9@2x.png in Resources */,
				023E61DD1964F98B001E5BCA /* bird_5@2x.png in Resources */,
			);
			runOnlyForDeploymentPostprocessing = 0;
		};
/* End PBXResourcesBuildPhase section */

/* Begin PBXSourcesBuildPhase section */
		AEF2D522160964BA00DDB7F2 /* Sources */ = {
			isa = PBXSourcesBuildPhase;
			buildActionMask = 2147483647;
			files = (
				027FEA991963BF05005DBE8E /* BoardView.mm in Sources */,
				027FEA981963BF05005DBE8E /* AnimatedPathView1.mm in Sources */,
				AEF2D53B160964BA00DDB7F2 /* AppDelegate.m in Sources */,
				AEF2D53E160964BA00DDB7F2 /* MasterViewController.mm in Sources */,
				AEF2D541160964BA00DDB7F2 /* DetailViewController.mm in Sources */,
				AEF2D5B01609BF7D00DDB7F2 /* main.m in Sources */,
				AE4E6F0616129337006CAA5C /* ViewFactory.mm in Sources */,
				02FE60C51969231200011325 /* AnimatedBezier.mm in Sources */,
				AE3341B516ECBDBE00F0E517 /* CalloutView.m in Sources */,
				02A4F36F196645B20054046E /* AnimatedLines.mm in Sources */,
				AE3726EE18C9C53200B756C1 /* GiGraphView2.mm in Sources */,
			);
			runOnlyForDeploymentPostprocessing = 0;
		};
/* End PBXSourcesBuildPhase section */

/* Begin XCBuildConfiguration section */
		AEF2D54E160964BA00DDB7F2 /* Debug */ = {
			isa = XCBuildConfiguration;
			buildSettings = {
				ALWAYS_SEARCH_USER_PATHS = NO;
				CLANG_CXX_LANGUAGE_STANDARD = "gnu++0x";
				CLANG_CXX_LIBRARY = "libc++";
				CLANG_ENABLE_MODULES = YES;
				CLANG_WARN_CONSTANT_CONVERSION = YES;
				CLANG_WARN_ENUM_CONVERSION = YES;
				CLANG_WARN_INT_CONVERSION = YES;
				CLANG_WARN__DUPLICATE_METHOD_MATCH = YES;
				CODE_SIGN_IDENTITY = "iPhone Developer";
				"CODE_SIGN_IDENTITY[sdk=iphoneos*]" = "iPhone Developer";
				COPY_PHASE_STRIP = NO;
				GCC_C_LANGUAGE_STANDARD = gnu99;
				GCC_DYNAMIC_NO_PIC = NO;
				GCC_OPTIMIZATION_LEVEL = 0;
				GCC_PRECOMPILE_PREFIX_HEADER = YES;
				GCC_PREFIX_HEADER = ../Classes/Prefix.pch;
				GCC_PREPROCESSOR_DEFINITIONS = (
					"DEBUG=1",
					"$(inherited)",
				);
				GCC_WARN_ABOUT_RETURN_TYPE = YES;
				GCC_WARN_UNINITIALIZED_AUTOS = YES;
				GCC_WARN_UNUSED_VARIABLE = YES;
				HEADER_SEARCH_PATHS = (
					"../../vgcore/core/include/**",
					../../vgios/include,
					../../vgplay/ios/include,
				);
				INFOPLIST_FILE = ../Classes/Info.plist;
				IPHONEOS_DEPLOYMENT_TARGET = 7.0;
				LIBRARY_SEARCH_PATHS = (
					"$(BUILT_PRODUCTS_DIR)",
					../output,
				);
				ONLY_ACTIVE_ARCH = YES;
				PROVISIONING_PROFILE = "ad3e58c6-ee59-4c74-9c64-765d7e96adda";
				SDKROOT = iphoneos;
				TARGETED_DEVICE_FAMILY = "1,2";
			};
			name = Debug;
		};
		AEF2D54F160964BA00DDB7F2 /* Release */ = {
			isa = XCBuildConfiguration;
			buildSettings = {
				ALWAYS_SEARCH_USER_PATHS = NO;
				CLANG_CXX_LANGUAGE_STANDARD = "gnu++0x";
				CLANG_CXX_LIBRARY = "libc++";
				CLANG_ENABLE_MODULES = YES;
				CLANG_WARN_CONSTANT_CONVERSION = YES;
				CLANG_WARN_ENUM_CONVERSION = YES;
				CLANG_WARN_INT_CONVERSION = YES;
				CLANG_WARN__DUPLICATE_METHOD_MATCH = YES;
				CODE_SIGN_IDENTITY = "iPhone Developer";
				"CODE_SIGN_IDENTITY[sdk=iphoneos*]" = "iPhone Distribution: Beijing Founder Electronics Co Ltd";
				COPY_PHASE_STRIP = YES;
				GCC_C_LANGUAGE_STANDARD = gnu99;
				GCC_PRECOMPILE_PREFIX_HEADER = YES;
				GCC_PREFIX_HEADER = ../Classes/Prefix.pch;
				GCC_WARN_ABOUT_RETURN_TYPE = YES;
				GCC_WARN_UNINITIALIZED_AUTOS = YES;
				GCC_WARN_UNUSED_VARIABLE = YES;
				HEADER_SEARCH_PATHS = (
					"../../vgcore/core/include/**",
					../../vgios/include,
					../../vgplay/ios/include,
				);
				INFOPLIST_FILE = ../Classes/Info.plist;
				IPHONEOS_DEPLOYMENT_TARGET = 7.0;
				LIBRARY_SEARCH_PATHS = (
					"$(BUILT_PRODUCTS_DIR)",
					../output,
				);
				OTHER_CFLAGS = "-DNS_BLOCK_ASSERTIONS=1";
				PROVISIONING_PROFILE = "ad3e58c6-ee59-4c74-9c64-765d7e96adda";
				SDKROOT = iphoneos;
				TARGETED_DEVICE_FAMILY = "1,2";
				VALIDATE_PRODUCT = YES;
			};
			name = Release;
		};
		AEF2D551160964BA00DDB7F2 /* Debug */ = {
			isa = XCBuildConfiguration;
			buildSettings = {
				CLANG_ENABLE_OBJC_ARC = YES;
				PRODUCT_NAME = TestVGPlay;
				PUBLIC_HEADERS_FOLDER_PATH = "";
			};
			name = Debug;
		};
		AEF2D552160964BA00DDB7F2 /* Release */ = {
			isa = XCBuildConfiguration;
			buildSettings = {
				CLANG_ENABLE_OBJC_ARC = YES;
				PRODUCT_NAME = TestVGPlay;
				PUBLIC_HEADERS_FOLDER_PATH = "";
			};
			name = Release;
		};
/* End XCBuildConfiguration section */

/* Begin XCConfigurationList section */
		AEF2D520160964BA00DDB7F2 /* Build configuration list for PBXProject "TestView" */ = {
			isa = XCConfigurationList;
			buildConfigurations = (
				AEF2D54E160964BA00DDB7F2 /* Debug */,
				AEF2D54F160964BA00DDB7F2 /* Release */,
			);
			defaultConfigurationIsVisible = 0;
			defaultConfigurationName = Release;
		};
		AEF2D550160964BA00DDB7F2 /* Build configuration list for PBXNativeTarget "TestView" */ = {
			isa = XCConfigurationList;
			buildConfigurations = (
				AEF2D551160964BA00DDB7F2 /* Debug */,
				AEF2D552160964BA00DDB7F2 /* Release */,
			);
			defaultConfigurationIsVisible = 0;
			defaultConfigurationName = Release;
		};
/* End XCConfigurationList section */
	};
	rootObject = AEF2D51D160964BA00DDB7F2 /* Project object */;
}
